
Microsoft Visual Studio Solution File, Format Version 12.00
# Visual Studio Version 16
VisualStudioVersion = 16.0.31613.86
MinimumVisualStudioVersion = 10.0.40219.1
Project("{FAE04EC0-301F-11D3-BF4B-00C04F79EFBC}") = "todocamilo.Common", "todocamilo.Common\todocamilo.Common.csproj", "{424E6C31-CDE1-4926-AE95-ECF4F9C73C64}"
EndProject
Project("{FAE04EC0-301F-11D3-BF4B-00C04F79EFBC}") = "todocamilo.Functions", "todocamilo.Functions\todocamilo.Functions.csproj", "{D229BD8B-FF5E-4617-8A53-BCE6998F6970}"
EndProject
Project("{FAE04EC0-301F-11D3-BF4B-00C04F79EFBC}") = "todocamilo.Test", "todocamilo.Test\todocamilo.Test.csproj", "{4F2C1C9A-A3A6-4334-BFE4-B1A30B8B0CDE}"
EndProject
Global
	GlobalSection(SolutionConfigurationPlatforms) = preSolution
		Debug|Any CPU = Debug|Any CPU
		Release|Any CPU = Release|Any CPU
	EndGlobalSection
	GlobalSection(ProjectConfigurationPlatforms) = postSolution
		{424E6C31-CDE1-4926-AE95-ECF4F9C73C64}.Debug|Any CPU.ActiveCfg = Debug|Any CPU
		{424E6C31-CDE1-4926-AE95-ECF4F9C73C64}.Debug|Any CPU.Build.0 = Debug|Any CPU
		{424E6C31-CDE1-4926-AE95-ECF4F9C73C64}.Release|Any CPU.ActiveCfg = Release|Any CPU
		{424E6C31-CDE1-4926-AE95-ECF4F9C73C64}.Release|Any CPU.Build.0 = Release|Any CPU
		{D229BD8B-FF5E-4617-8A53-BCE6998F6970}.Debug|Any CPU.ActiveCfg = Debug|Any CPU
		{D229BD8B-FF5E-4617-8A53-BCE6998F6970}.Debug|Any CPU.Build.0 = Debug|Any CPU
		{D229BD8B-FF5E-4617-8A53-BCE6998F6970}.Release|Any CPU.ActiveCfg = Release|Any CPU
		{D229BD8B-FF5E-4617-8A53-BCE6998F6970}.Release|Any CPU.Build.0 = Release|Any CPU
		{4F2C1C9A-A3A6-4334-BFE4-B1A30B8B0CDE}.Debug|Any CPU.ActiveCfg = Debug|Any CPU
		{4F2C1C9A-A3A6-4334-BFE4-B1A30B8B0CDE}.Debug|Any CPU.Build.0 = Debug|Any CPU
		{4F2C1C9A-A3A6-4334-BFE4-B1A30B8B0CDE}.Release|Any CPU.ActiveCfg = Release|Any CPU
		{4F2C1C9A-A3A6-4334-BFE4-B1A30B8B0CDE}.Release|Any CPU.Build.0 = Release|Any CPU
	EndGlobalSection
	GlobalSection(SolutionProperties) = preSolution
		HideSolutionNode = FALSE
	EndGlobalSection
	GlobalSection(ExtensibilityGlobals) = postSolution
		SolutionGuid = {8CBF12E2-F336-4FA0-A91C-C92861D12E55}
	EndGlobalSection
EndGlobal
